// !$*UTF8*$!
{
	archiveVersion = 1;
	classes = {
	};
	objectVersion = 55;
	objects = {

/* Begin PBXBuildFile section */
		4357432F27904C15000B5062 /* Button.cpp in Sources */ = {isa = PBXBuildFile; fileRef = 435742FE27904C15000B5062 /* Button.cpp */; };
		4357433127904C15000B5062 /* View.cpp in Sources */ = {isa = PBXBuildFile; fileRef = 4357430027904C15000B5062 /* View.cpp */; };
		4357433227904C15000B5062 /* ImageView.cpp in Sources */ = {isa = PBXBuildFile; fileRef = 4357430127904C15000B5062 /* ImageView.cpp */; };
		4357433327904C15000B5062 /* Transform.cpp in Sources */ = {isa = PBXBuildFile; fileRef = 4357430227904C15000B5062 /* Transform.cpp */; };
		4357433927904C15000B5062 /* MemoryProfiler.cpp in Sources */ = {isa = PBXBuildFile; fileRef = 4357430927904C15000B5062 /* MemoryProfiler.cpp */; };
		4357433D27904C15000B5062 /* Object.cpp in Sources */ = {isa = PBXBuildFile; fileRef = 4357430F27904C15000B5062 /* Object.cpp */; };
		4357434327904C15000B5062 /* Message.cpp in Sources */ = {isa = PBXBuildFile; fileRef = 4357431727904C15000B5062 /* Message.cpp */; };
		4357434427904C15000B5062 /* MessageManager.cpp in Sources */ = {isa = PBXBuildFile; fileRef = 4357431827904C15000B5062 /* MessageManager.cpp */; };
		4357434827904C15000B5062 /* Responder.cpp in Sources */ = {isa = PBXBuildFile; fileRef = 4357431D27904C15000B5062 /* Responder.cpp */; };
		435743B227907622000B5062 /* libgrumble.a in CopyFiles */ = {isa = PBXBuildFile; fileRef = 435742E327904B61000B5062 /* libgrumble.a */; };
		435743B727907946000B5062 /* Logger.cpp in Sources */ = {isa = PBXBuildFile; fileRef = 435743B627907946000B5062 /* Logger.cpp */; };
		436D9965279864A5008B213C /* FileManager.cpp in Sources */ = {isa = PBXBuildFile; fileRef = 436D9963279864A5008B213C /* FileManager.cpp */; };
		43E5A496279476DF0037ACF2 /* AnimationCurves.cpp in Sources */ = {isa = PBXBuildFile; fileRef = 43E5A483279476DF0037ACF2 /* AnimationCurves.cpp */; };
		43E5A497279476DF0037ACF2 /* Animator.cpp in Sources */ = {isa = PBXBuildFile; fileRef = 43E5A484279476DF0037ACF2 /* Animator.cpp */; };
		43E5A499279476DF0037ACF2 /* ViewAnimator.cpp in Sources */ = {isa = PBXBuildFile; fileRef = 43E5A486279476DF0037ACF2 /* ViewAnimator.cpp */; };
		43E5A49C279476DF0037ACF2 /* ShaderHandler.cpp in Sources */ = {isa = PBXBuildFile; fileRef = 43E5A48A279476DF0037ACF2 /* ShaderHandler.cpp */; };
		43E5A4A2279476DF0037ACF2 /* SpriteManager.cpp in Sources */ = {isa = PBXBuildFile; fileRef = 43E5A490279476DF0037ACF2 /* SpriteManager.cpp */; };
		43E5A4A3279476DF0037ACF2 /* ShaderManager.cpp in Sources */ = {isa = PBXBuildFile; fileRef = 43E5A491279476DF0037ACF2 /* ShaderManager.cpp */; };
		43E5A4A5279476DF0037ACF2 /* Renderer.cpp in Sources */ = {isa = PBXBuildFile; fileRef = 43E5A493279476DF0037ACF2 /* Renderer.cpp */; };
		D917F8952A65894F00DCD0CC /* Game.cpp in Sources */ = {isa = PBXBuildFile; fileRef = D917F8932A65894F00DCD0CC /* Game.cpp */; };
		D917F8962A65894F00DCD0CC /* Game.hpp in Headers */ = {isa = PBXBuildFile; fileRef = D917F8942A65894F00DCD0CC /* Game.hpp */; };
		D91D8A462A694CC600E5B2A8 /* LogLevel.hpp in Headers */ = {isa = PBXBuildFile; fileRef = D91D8A442A694CC600E5B2A8 /* LogLevel.hpp */; };
		D91D8A4A2A69771700E5B2A8 /* LogCategory.hpp in Headers */ = {isa = PBXBuildFile; fileRef = D91D8A482A69771700E5B2A8 /* LogCategory.hpp */; };
		D91D8A4D2A69833900E5B2A8 /* Time.cpp in Sources */ = {isa = PBXBuildFile; fileRef = D91D8A4C2A69833900E5B2A8 /* Time.cpp */; };
		D9975B472A76C03A00286822 /* Sprite.cpp in Sources */ = {isa = PBXBuildFile; fileRef = D9975B462A76C03A00286822 /* Sprite.cpp */; };
		D9975B522A76C7A800286822 /* SpriteAtlas.cpp in Sources */ = {isa = PBXBuildFile; fileRef = D9975B502A76C7A800286822 /* SpriteAtlas.cpp */; };
		D9975B532A76C7A800286822 /* SpriteAtlas.hpp in Headers */ = {isa = PBXBuildFile; fileRef = D9975B512A76C7A800286822 /* SpriteAtlas.hpp */; };
		D9A08CD12A6FC8D600DBA3E5 /* TransformDimension.cpp in Sources */ = {isa = PBXBuildFile; fileRef = D9A08CCF2A6FC8D600DBA3E5 /* TransformDimension.cpp */; };
		D9A08CD22A6FC8D600DBA3E5 /* TransformDimension.hpp in Headers */ = {isa = PBXBuildFile; fileRef = D9A08CD02A6FC8D600DBA3E5 /* TransformDimension.hpp */; };
		D9A08D192A6FD8CF00DBA3E5 /* Label.cpp in Sources */ = {isa = PBXBuildFile; fileRef = D9A08D172A6FD8CF00DBA3E5 /* Label.cpp */; };
		D9A08D1E2A6FDC4E00DBA3E5 /* FontManager.cpp in Sources */ = {isa = PBXBuildFile; fileRef = D9A08D1C2A6FDC4E00DBA3E5 /* FontManager.cpp */; };
		D9A08D1F2A6FDC4E00DBA3E5 /* FontManager.hpp in Headers */ = {isa = PBXBuildFile; fileRef = D9A08D1D2A6FDC4E00DBA3E5 /* FontManager.hpp */; };
		D9CE629A2A6D5AC400D9477F /* RendererManager.cpp in Sources */ = {isa = PBXBuildFile; fileRef = D9CE62992A6D5AC400D9477F /* RendererManager.cpp */; };
		D9CE629F2A6D664200D9477F /* ViewFactory.cpp in Sources */ = {isa = PBXBuildFile; fileRef = D9CE629D2A6D664200D9477F /* ViewFactory.cpp */; };
		D9CE62A02A6D664200D9477F /* ViewFactory.hpp in Headers */ = {isa = PBXBuildFile; fileRef = D9CE629E2A6D664200D9477F /* ViewFactory.hpp */; };
/* End PBXBuildFile section */

/* Begin PBXCopyFilesBuildPhase section */
		435743B12790760C000B5062 /* CopyFiles */ = {
			isa = PBXCopyFilesBuildPhase;
			buildActionMask = 2147483647;
			dstPath = "${SRCROOT}/lib";
			dstSubfolderSpec = 0;
			files = (
				435743B227907622000B5062 /* libgrumble.a in CopyFiles */,
			);
			runOnlyForDeploymentPostprocessing = 0;
		};
/* End PBXCopyFilesBuildPhase section */

/* Begin PBXFileReference section */
		435742E327904B61000B5062 /* libgrumble.a */ = {isa = PBXFileReference; explicitFileType = archive.ar; includeInIndex = 0; path = libgrumble.a; sourceTree = BUILT_PRODUCTS_DIR; };
		435742FE27904C15000B5062 /* Button.cpp */ = {isa = PBXFileReference; fileEncoding = 4; lastKnownFileType = sourcecode.cpp.cpp; path = Button.cpp; sourceTree = "<group>"; };
		435742FF27904C15000B5062 /* Transform.hpp */ = {isa = PBXFileReference; fileEncoding = 4; lastKnownFileType = sourcecode.cpp.h; path = Transform.hpp; sourceTree = "<group>"; };
		4357430027904C15000B5062 /* View.cpp */ = {isa = PBXFileReference; fileEncoding = 4; lastKnownFileType = sourcecode.cpp.cpp; path = View.cpp; sourceTree = "<group>"; };
		4357430127904C15000B5062 /* ImageView.cpp */ = {isa = PBXFileReference; fileEncoding = 4; lastKnownFileType = sourcecode.cpp.cpp; path = ImageView.cpp; sourceTree = "<group>"; };
		4357430227904C15000B5062 /* Transform.cpp */ = {isa = PBXFileReference; fileEncoding = 4; lastKnownFileType = sourcecode.cpp.cpp; path = Transform.cpp; sourceTree = "<group>"; };
		4357430327904C15000B5062 /* View.hpp */ = {isa = PBXFileReference; fileEncoding = 4; lastKnownFileType = sourcecode.cpp.h; path = View.hpp; sourceTree = "<group>"; };
		4357430427904C15000B5062 /* ImageView.hpp */ = {isa = PBXFileReference; fileEncoding = 4; lastKnownFileType = sourcecode.cpp.h; path = ImageView.hpp; sourceTree = "<group>"; };
		4357430527904C15000B5062 /* Button.hpp */ = {isa = PBXFileReference; fileEncoding = 4; lastKnownFileType = sourcecode.cpp.h; path = Button.hpp; sourceTree = "<group>"; };
		4357430727904C15000B5062 /* MemoryProfiler.hpp */ = {isa = PBXFileReference; fileEncoding = 4; lastKnownFileType = sourcecode.cpp.h; path = MemoryProfiler.hpp; sourceTree = "<group>"; };
		4357430927904C15000B5062 /* MemoryProfiler.cpp */ = {isa = PBXFileReference; fileEncoding = 4; lastKnownFileType = sourcecode.cpp.cpp; path = MemoryProfiler.cpp; sourceTree = "<group>"; };
		4357430F27904C15000B5062 /* Object.cpp */ = {isa = PBXFileReference; fileEncoding = 4; lastKnownFileType = sourcecode.cpp.cpp; path = Object.cpp; sourceTree = "<group>"; };
		4357431027904C15000B5062 /* Object.hpp */ = {isa = PBXFileReference; fileEncoding = 4; lastKnownFileType = sourcecode.cpp.h; path = Object.hpp; sourceTree = "<group>"; };
		4357431727904C15000B5062 /* Message.cpp */ = {isa = PBXFileReference; fileEncoding = 4; lastKnownFileType = sourcecode.cpp.cpp; path = Message.cpp; sourceTree = "<group>"; };
		4357431827904C15000B5062 /* MessageManager.cpp */ = {isa = PBXFileReference; fileEncoding = 4; lastKnownFileType = sourcecode.cpp.cpp; path = MessageManager.cpp; sourceTree = "<group>"; };
		4357431927904C15000B5062 /* MessageManager.hpp */ = {isa = PBXFileReference; fileEncoding = 4; lastKnownFileType = sourcecode.cpp.h; path = MessageManager.hpp; sourceTree = "<group>"; };
		4357431A27904C15000B5062 /* Message.hpp */ = {isa = PBXFileReference; fileEncoding = 4; lastKnownFileType = sourcecode.cpp.h; path = Message.hpp; sourceTree = "<group>"; };
		4357431C27904C15000B5062 /* Responder.hpp */ = {isa = PBXFileReference; fileEncoding = 4; lastKnownFileType = sourcecode.cpp.h; path = Responder.hpp; sourceTree = "<group>"; };
		4357431D27904C15000B5062 /* Responder.cpp */ = {isa = PBXFileReference; fileEncoding = 4; lastKnownFileType = sourcecode.cpp.cpp; path = Responder.cpp; sourceTree = "<group>"; };
		4357435827905434000B5062 /* Touch.hpp */ = {isa = PBXFileReference; lastKnownFileType = sourcecode.cpp.h; path = Touch.hpp; sourceTree = "<group>"; };
		435743B427907739000B5062 /* libgrumble.a */ = {isa = PBXFileReference; lastKnownFileType = archive.ar; path = libgrumble.a; sourceTree = "<group>"; };
		435743B627907946000B5062 /* Logger.cpp */ = {isa = PBXFileReference; fileEncoding = 4; lastKnownFileType = sourcecode.cpp.cpp; path = Logger.cpp; sourceTree = "<group>"; };
		435743B82790797C000B5062 /* conanfile.py */ = {isa = PBXFileReference; fileEncoding = 4; lastKnownFileType = text.script.python; path = conanfile.py; sourceTree = "<group>"; };
		436D9963279864A5008B213C /* FileManager.cpp */ = {isa = PBXFileReference; lastKnownFileType = sourcecode.cpp.cpp; path = FileManager.cpp; sourceTree = "<group>"; };
		436D9964279864A5008B213C /* FileManager.hpp */ = {isa = PBXFileReference; lastKnownFileType = sourcecode.cpp.h; path = FileManager.hpp; sourceTree = "<group>"; };
		43E5A481279476DF0037ACF2 /* ViewAnimator.hpp */ = {isa = PBXFileReference; fileEncoding = 4; lastKnownFileType = sourcecode.cpp.h; path = ViewAnimator.hpp; sourceTree = "<group>"; };
		43E5A482279476DF0037ACF2 /* Animator.hpp */ = {isa = PBXFileReference; fileEncoding = 4; lastKnownFileType = sourcecode.cpp.h; path = Animator.hpp; sourceTree = "<group>"; };
		43E5A483279476DF0037ACF2 /* AnimationCurves.cpp */ = {isa = PBXFileReference; fileEncoding = 4; lastKnownFileType = sourcecode.cpp.cpp; path = AnimationCurves.cpp; sourceTree = "<group>"; };
		43E5A484279476DF0037ACF2 /* Animator.cpp */ = {isa = PBXFileReference; fileEncoding = 4; lastKnownFileType = sourcecode.cpp.cpp; path = Animator.cpp; sourceTree = "<group>"; };
		43E5A485279476DF0037ACF2 /* AnimationCurves.hpp */ = {isa = PBXFileReference; fileEncoding = 4; lastKnownFileType = sourcecode.cpp.h; path = AnimationCurves.hpp; sourceTree = "<group>"; };
		43E5A486279476DF0037ACF2 /* ViewAnimator.cpp */ = {isa = PBXFileReference; fileEncoding = 4; lastKnownFileType = sourcecode.cpp.cpp; path = ViewAnimator.cpp; sourceTree = "<group>"; };
		43E5A488279476DF0037ACF2 /* ShaderManager.hpp */ = {isa = PBXFileReference; fileEncoding = 4; lastKnownFileType = sourcecode.cpp.h; path = ShaderManager.hpp; sourceTree = "<group>"; };
		43E5A489279476DF0037ACF2 /* Renderer.hpp */ = {isa = PBXFileReference; fileEncoding = 4; lastKnownFileType = sourcecode.cpp.h; path = Renderer.hpp; sourceTree = "<group>"; };
		43E5A48A279476DF0037ACF2 /* ShaderHandler.cpp */ = {isa = PBXFileReference; fileEncoding = 4; lastKnownFileType = sourcecode.cpp.cpp; path = ShaderHandler.cpp; sourceTree = "<group>"; };
		43E5A48B279476DF0037ACF2 /* RendererManager.hpp */ = {isa = PBXFileReference; fileEncoding = 4; lastKnownFileType = sourcecode.cpp.h; path = RendererManager.hpp; sourceTree = "<group>"; };
		43E5A48C279476DF0037ACF2 /* SpriteManager.hpp */ = {isa = PBXFileReference; fileEncoding = 4; lastKnownFileType = sourcecode.cpp.h; path = SpriteManager.hpp; sourceTree = "<group>"; };
		43E5A48D279476DF0037ACF2 /* ShaderHandler.hpp */ = {isa = PBXFileReference; fileEncoding = 4; lastKnownFileType = sourcecode.cpp.h; path = ShaderHandler.hpp; sourceTree = "<group>"; };
		43E5A48F279476DF0037ACF2 /* Sprite.hpp */ = {isa = PBXFileReference; fileEncoding = 4; lastKnownFileType = sourcecode.cpp.h; path = Sprite.hpp; sourceTree = "<group>"; };
		43E5A490279476DF0037ACF2 /* SpriteManager.cpp */ = {isa = PBXFileReference; fileEncoding = 4; lastKnownFileType = sourcecode.cpp.cpp; path = SpriteManager.cpp; sourceTree = "<group>"; };
		43E5A491279476DF0037ACF2 /* ShaderManager.cpp */ = {isa = PBXFileReference; fileEncoding = 4; lastKnownFileType = sourcecode.cpp.cpp; path = ShaderManager.cpp; sourceTree = "<group>"; };
		43E5A493279476DF0037ACF2 /* Renderer.cpp */ = {isa = PBXFileReference; fileEncoding = 4; lastKnownFileType = sourcecode.cpp.cpp; path = Renderer.cpp; sourceTree = "<group>"; };
		43E5A4A6279477260037ACF2 /* ColorConstants.hpp */ = {isa = PBXFileReference; fileEncoding = 4; lastKnownFileType = sourcecode.cpp.h; path = ColorConstants.hpp; sourceTree = "<group>"; };
		43E5A4A7279477260037ACF2 /* MathConstants.hpp */ = {isa = PBXFileReference; fileEncoding = 4; lastKnownFileType = sourcecode.cpp.h; path = MathConstants.hpp; sourceTree = "<group>"; };
		43E5A4AA279477EC0037ACF2 /* Logger.hpp */ = {isa = PBXFileReference; lastKnownFileType = sourcecode.cpp.h; path = Logger.hpp; sourceTree = "<group>"; };
		D917F8932A65894F00DCD0CC /* Game.cpp */ = {isa = PBXFileReference; lastKnownFileType = sourcecode.cpp.cpp; path = Game.cpp; sourceTree = "<group>"; };
		D917F8942A65894F00DCD0CC /* Game.hpp */ = {isa = PBXFileReference; lastKnownFileType = sourcecode.cpp.h; path = Game.hpp; sourceTree = "<group>"; };
		D91D8A442A694CC600E5B2A8 /* LogLevel.hpp */ = {isa = PBXFileReference; lastKnownFileType = sourcecode.cpp.h; path = LogLevel.hpp; sourceTree = "<group>"; };
		D91D8A482A69771700E5B2A8 /* LogCategory.hpp */ = {isa = PBXFileReference; lastKnownFileType = sourcecode.cpp.h; path = LogCategory.hpp; sourceTree = "<group>"; };
		D91D8A4C2A69833900E5B2A8 /* Time.cpp */ = {isa = PBXFileReference; lastKnownFileType = sourcecode.cpp.cpp; path = Time.cpp; sourceTree = "<group>"; };
		D929C6C02A61782D006F520E /* conan_config.xcconfig */ = {isa = PBXFileReference; lastKnownFileType = text.xcconfig; path = conan_config.xcconfig; sourceTree = "<group>"; };
		D92D77C82A6EF6CD00E5F178 /* TransformOrigin.hpp */ = {isa = PBXFileReference; lastKnownFileType = sourcecode.cpp.h; path = TransformOrigin.hpp; sourceTree = "<group>"; };
		D96C30562A67EBA600D5D581 /* Time.hpp */ = {isa = PBXFileReference; lastKnownFileType = sourcecode.cpp.h; path = Time.hpp; sourceTree = "<group>"; };
		D9975B462A76C03A00286822 /* Sprite.cpp */ = {isa = PBXFileReference; lastKnownFileType = sourcecode.cpp.cpp; path = Sprite.cpp; sourceTree = "<group>"; };
		D9975B502A76C7A800286822 /* SpriteAtlas.cpp */ = {isa = PBXFileReference; lastKnownFileType = sourcecode.cpp.cpp; path = SpriteAtlas.cpp; sourceTree = "<group>"; };
		D9975B512A76C7A800286822 /* SpriteAtlas.hpp */ = {isa = PBXFileReference; lastKnownFileType = sourcecode.cpp.h; path = SpriteAtlas.hpp; sourceTree = "<group>"; };
		D9A08CCF2A6FC8D600DBA3E5 /* TransformDimension.cpp */ = {isa = PBXFileReference; lastKnownFileType = sourcecode.cpp.cpp; path = TransformDimension.cpp; sourceTree = "<group>"; };
		D9A08CD02A6FC8D600DBA3E5 /* TransformDimension.hpp */ = {isa = PBXFileReference; lastKnownFileType = sourcecode.cpp.h; path = TransformDimension.hpp; sourceTree = "<group>"; };
		D9A08CD42A6FC98000DBA3E5 /* DimensionSizing.hpp */ = {isa = PBXFileReference; lastKnownFileType = sourcecode.cpp.h; path = DimensionSizing.hpp; sourceTree = "<group>"; };
		D9A08D172A6FD8CF00DBA3E5 /* Label.cpp */ = {isa = PBXFileReference; lastKnownFileType = sourcecode.cpp.cpp; path = Label.cpp; sourceTree = "<group>"; };
		D9A08D182A6FD8CF00DBA3E5 /* Label.hpp */ = {isa = PBXFileReference; lastKnownFileType = sourcecode.cpp.h; path = Label.hpp; sourceTree = "<group>"; };
		D9A08D1C2A6FDC4E00DBA3E5 /* FontManager.cpp */ = {isa = PBXFileReference; lastKnownFileType = sourcecode.cpp.cpp; path = FontManager.cpp; sourceTree = "<group>"; };
		D9A08D1D2A6FDC4E00DBA3E5 /* FontManager.hpp */ = {isa = PBXFileReference; lastKnownFileType = sourcecode.cpp.h; path = FontManager.hpp; sourceTree = "<group>"; };
		D9CE62962A6D4C9400D9477F /* RenderMethod.hpp */ = {isa = PBXFileReference; lastKnownFileType = sourcecode.cpp.h; path = RenderMethod.hpp; sourceTree = "<group>"; };
		D9CE62992A6D5AC400D9477F /* RendererManager.cpp */ = {isa = PBXFileReference; lastKnownFileType = sourcecode.cpp.cpp; path = RendererManager.cpp; sourceTree = "<group>"; };
		D9CE629D2A6D664200D9477F /* ViewFactory.cpp */ = {isa = PBXFileReference; lastKnownFileType = sourcecode.cpp.cpp; path = ViewFactory.cpp; sourceTree = "<group>"; };
		D9CE629E2A6D664200D9477F /* ViewFactory.hpp */ = {isa = PBXFileReference; lastKnownFileType = sourcecode.cpp.h; path = ViewFactory.hpp; sourceTree = "<group>"; };
/* End PBXFileReference section */

/* Begin PBXFrameworksBuildPhase section */
		435742E127904B61000B5062 /* Frameworks */ = {
			isa = PBXFrameworksBuildPhase;
			buildActionMask = 2147483647;
			files = (
			);
			runOnlyForDeploymentPostprocessing = 0;
		};
/* End PBXFrameworksBuildPhase section */

/* Begin PBXGroup section */
		435742DA27904B61000B5062 = {
			isa = PBXGroup;
			children = (
				D929C6B72A61782D006F520E /* conan */,
				435743B82790797C000B5062 /* conanfile.py */,
				435743B327907668000B5062 /* lib */,
				435742E527904B61000B5062 /* grumble */,
				435742E427904B61000B5062 /* Products */,
			);
			sourceTree = "<group>";
		};
		435742E427904B61000B5062 /* Products */ = {
			isa = PBXGroup;
			children = (
				435742E327904B61000B5062 /* libgrumble.a */,
			);
			name = Products;
			sourceTree = "<group>";
		};
		435742E527904B61000B5062 /* grumble */ = {
			isa = PBXGroup;
			children = (
				D9975B4F2A76C76100286822 /* sprite */,
				D9A08D1B2A6FDC4200DBA3E5 /* font */,
				436D996227986491008B213C /* io */,
				43E5A480279476DF0037ACF2 /* anim */,
				43E5A487279476DF0037ACF2 /* render */,
				4357430E27904C15000B5062 /* core */,
				4357431B27904C15000B5062 /* input */,
				4357431627904C15000B5062 /* message */,
				435742FD27904C15000B5062 /* ui */,
				4357430627904C15000B5062 /* util */,
				D91D8A4B2A69776D00E5B2A8 /* logging */,
			);
			path = grumble;
			sourceTree = "<group>";
		};
		435742FD27904C15000B5062 /* ui */ = {
			isa = PBXGroup;
			children = (
				4357430527904C15000B5062 /* Button.hpp */,
				435742FE27904C15000B5062 /* Button.cpp */,
				435742FF27904C15000B5062 /* Transform.hpp */,
				4357430227904C15000B5062 /* Transform.cpp */,
				D9A08CD02A6FC8D600DBA3E5 /* TransformDimension.hpp */,
				D9A08CCF2A6FC8D600DBA3E5 /* TransformDimension.cpp */,
				D9A08CD42A6FC98000DBA3E5 /* DimensionSizing.hpp */,
				D92D77C82A6EF6CD00E5F178 /* TransformOrigin.hpp */,
				4357430327904C15000B5062 /* View.hpp */,
				4357430027904C15000B5062 /* View.cpp */,
				D9A08D182A6FD8CF00DBA3E5 /* Label.hpp */,
				D9A08D172A6FD8CF00DBA3E5 /* Label.cpp */,
				4357430427904C15000B5062 /* ImageView.hpp */,
				4357430127904C15000B5062 /* ImageView.cpp */,
				D9CE629E2A6D664200D9477F /* ViewFactory.hpp */,
				D9CE629D2A6D664200D9477F /* ViewFactory.cpp */,
			);
			path = ui;
			sourceTree = "<group>";
		};
		4357430627904C15000B5062 /* util */ = {
			isa = PBXGroup;
			children = (
				43E5A4A6279477260037ACF2 /* ColorConstants.hpp */,
				43E5A4A7279477260037ACF2 /* MathConstants.hpp */,
				D91D8A4C2A69833900E5B2A8 /* Time.cpp */,
				D96C30562A67EBA600D5D581 /* Time.hpp */,
			);
			path = util;
			sourceTree = "<group>";
		};
		4357430E27904C15000B5062 /* core */ = {
			isa = PBXGroup;
			children = (
				4357431027904C15000B5062 /* Object.hpp */,
				4357430F27904C15000B5062 /* Object.cpp */,
				D917F8942A65894F00DCD0CC /* Game.hpp */,
				D917F8932A65894F00DCD0CC /* Game.cpp */,
			);
			path = core;
			sourceTree = "<group>";
		};
		4357431627904C15000B5062 /* message */ = {
			isa = PBXGroup;
			children = (
				4357431A27904C15000B5062 /* Message.hpp */,
				4357431727904C15000B5062 /* Message.cpp */,
				4357431927904C15000B5062 /* MessageManager.hpp */,
				4357431827904C15000B5062 /* MessageManager.cpp */,
			);
			path = message;
			sourceTree = "<group>";
		};
		4357431B27904C15000B5062 /* input */ = {
			isa = PBXGroup;
			children = (
				4357431C27904C15000B5062 /* Responder.hpp */,
				4357431D27904C15000B5062 /* Responder.cpp */,
				4357435827905434000B5062 /* Touch.hpp */,
			);
			path = input;
			sourceTree = "<group>";
		};
		435743B327907668000B5062 /* lib */ = {
			isa = PBXGroup;
			children = (
				435743B427907739000B5062 /* libgrumble.a */,
			);
			path = lib;
			sourceTree = "<group>";
		};
		436D996227986491008B213C /* io */ = {
			isa = PBXGroup;
			children = (
				436D9964279864A5008B213C /* FileManager.hpp */,
				436D9963279864A5008B213C /* FileManager.cpp */,
			);
			path = io;
			sourceTree = "<group>";
		};
		43E5A480279476DF0037ACF2 /* anim */ = {
			isa = PBXGroup;
			children = (
				43E5A482279476DF0037ACF2 /* Animator.hpp */,
				43E5A484279476DF0037ACF2 /* Animator.cpp */,
				43E5A481279476DF0037ACF2 /* ViewAnimator.hpp */,
				43E5A486279476DF0037ACF2 /* ViewAnimator.cpp */,
				43E5A485279476DF0037ACF2 /* AnimationCurves.hpp */,
				43E5A483279476DF0037ACF2 /* AnimationCurves.cpp */,
			);
			path = anim;
			sourceTree = "<group>";
		};
		43E5A487279476DF0037ACF2 /* render */ = {
			isa = PBXGroup;
			children = (
				D9CE62962A6D4C9400D9477F /* RenderMethod.hpp */,
				43E5A488279476DF0037ACF2 /* ShaderManager.hpp */,
				43E5A491279476DF0037ACF2 /* ShaderManager.cpp */,
				43E5A489279476DF0037ACF2 /* Renderer.hpp */,
				43E5A493279476DF0037ACF2 /* Renderer.cpp */,
				43E5A48D279476DF0037ACF2 /* ShaderHandler.hpp */,
				43E5A48A279476DF0037ACF2 /* ShaderHandler.cpp */,
				43E5A48B279476DF0037ACF2 /* RendererManager.hpp */,
				D9CE62992A6D5AC400D9477F /* RendererManager.cpp */,
			);
			path = render;
			sourceTree = "<group>";
		};
		D91D8A4B2A69776D00E5B2A8 /* logging */ = {
			isa = PBXGroup;
			children = (
				4357430727904C15000B5062 /* MemoryProfiler.hpp */,
				4357430927904C15000B5062 /* MemoryProfiler.cpp */,
				43E5A4AA279477EC0037ACF2 /* Logger.hpp */,
				435743B627907946000B5062 /* Logger.cpp */,
				D91D8A442A694CC600E5B2A8 /* LogLevel.hpp */,
				D91D8A482A69771700E5B2A8 /* LogCategory.hpp */,
			);
			path = logging;
			sourceTree = "<group>";
		};
		D929C6B72A61782D006F520E /* conan */ = {
			isa = PBXGroup;
			children = (
				D929C6C02A61782D006F520E /* conan_config.xcconfig */,
			);
			path = conan;
			sourceTree = "<group>";
		};
		D9975B4F2A76C76100286822 /* sprite */ = {
			isa = PBXGroup;
			children = (
				43E5A48C279476DF0037ACF2 /* SpriteManager.hpp */,
				43E5A490279476DF0037ACF2 /* SpriteManager.cpp */,
				43E5A48F279476DF0037ACF2 /* Sprite.hpp */,
				D9975B462A76C03A00286822 /* Sprite.cpp */,
				D9975B512A76C7A800286822 /* SpriteAtlas.hpp */,
				D9975B502A76C7A800286822 /* SpriteAtlas.cpp */,
			);
			path = sprite;
			sourceTree = "<group>";
		};
		D9A08D1B2A6FDC4200DBA3E5 /* font */ = {
			isa = PBXGroup;
			children = (
				D9A08D1D2A6FDC4E00DBA3E5 /* FontManager.hpp */,
				D9A08D1C2A6FDC4E00DBA3E5 /* FontManager.cpp */,
			);
			path = font;
			sourceTree = "<group>";
		};
/* End PBXGroup section */

/* Begin PBXHeadersBuildPhase section */
		435742DF27904B61000B5062 /* Headers */ = {
			isa = PBXHeadersBuildPhase;
			buildActionMask = 2147483647;
			files = (
				D91D8A462A694CC600E5B2A8 /* LogLevel.hpp in Headers */,
				D9A08D1F2A6FDC4E00DBA3E5 /* FontManager.hpp in Headers */,
				D9975B532A76C7A800286822 /* SpriteAtlas.hpp in Headers */,
				D91D8A4A2A69771700E5B2A8 /* LogCategory.hpp in Headers */,
				D9A08CD22A6FC8D600DBA3E5 /* TransformDimension.hpp in Headers */,
				D917F8962A65894F00DCD0CC /* Game.hpp in Headers */,
				D9CE62A02A6D664200D9477F /* ViewFactory.hpp in Headers */,
			);
			runOnlyForDeploymentPostprocessing = 0;
		};
/* End PBXHeadersBuildPhase section */

/* Begin PBXNativeTarget section */
		435742E227904B61000B5062 /* grumble */ = {
			isa = PBXNativeTarget;
			buildConfigurationList = 435742EE27904B61000B5062 /* Build configuration list for PBXNativeTarget "grumble" */;
			buildPhases = (
				435742DF27904B61000B5062 /* Headers */,
				435742E027904B61000B5062 /* Sources */,
				435742E127904B61000B5062 /* Frameworks */,
				435743B12790760C000B5062 /* CopyFiles */,
				D917F8512A642BAC00DCD0CC /* Conan Create */,
			);
			buildRules = (
			);
			dependencies = (
			);
			name = grumble;
			productName = grumble;
			productReference = 435742E327904B61000B5062 /* libgrumble.a */;
			productType = "com.apple.product-type.library.static";
		};
/* End PBXNativeTarget section */

/* Begin PBXProject section */
		435742DB27904B61000B5062 /* Project object */ = {
			isa = PBXProject;
			attributes = {
				BuildIndependentTargetsInParallel = 1;
				LastUpgradeCheck = 1320;
				TargetAttributes = {
					435742E227904B61000B5062 = {
						CreatedOnToolsVersion = 13.2.1;
					};
				};
			};
			buildConfigurationList = 435742DE27904B61000B5062 /* Build configuration list for PBXProject "grumble" */;
			compatibilityVersion = "Xcode 13.0";
			developmentRegion = en;
			hasScannedForEncodings = 0;
			knownRegions = (
				en,
				Base,
			);
			mainGroup = 435742DA27904B61000B5062;
			productRefGroup = 435742E427904B61000B5062 /* Products */;
			projectDirPath = "";
			projectRoot = "";
			targets = (
				435742E227904B61000B5062 /* grumble */,
			);
		};
/* End PBXProject section */

/* Begin PBXShellScriptBuildPhase section */
		D917F8512A642BAC00DCD0CC /* Conan Create */ = {
			isa = PBXShellScriptBuildPhase;
			alwaysOutOfDate = 1;
			buildActionMask = 2147483647;
			files = (
			);
			inputFileListPaths = (
			);
			inputPaths = (
			);
			name = "Conan Create";
			outputFileListPaths = (
			);
			outputPaths = (
			);
			runOnlyForDeploymentPostprocessing = 0;
			shellPath = /bin/sh;
			shellScript = "# Type a script or drag a script file from your workspace to insert its path.\n/opt/homebrew/bin/conan export-pkg . --output-folder $PROJECT_DIR/conan\n";
		};
/* End PBXShellScriptBuildPhase section */

/* Begin PBXSourcesBuildPhase section */
		435742E027904B61000B5062 /* Sources */ = {
			isa = PBXSourcesBuildPhase;
			buildActionMask = 2147483647;
			files = (
				4357434827904C15000B5062 /* Responder.cpp in Sources */,
				43E5A49C279476DF0037ACF2 /* ShaderHandler.cpp in Sources */,
				4357433127904C15000B5062 /* View.cpp in Sources */,
				D9A08CD12A6FC8D600DBA3E5 /* TransformDimension.cpp in Sources */,
				D9975B472A76C03A00286822 /* Sprite.cpp in Sources */,
				436D9965279864A5008B213C /* FileManager.cpp in Sources */,
				43E5A4A2279476DF0037ACF2 /* SpriteManager.cpp in Sources */,
				D917F8952A65894F00DCD0CC /* Game.cpp in Sources */,
				43E5A499279476DF0037ACF2 /* ViewAnimator.cpp in Sources */,
				4357434427904C15000B5062 /* MessageManager.cpp in Sources */,
				4357432F27904C15000B5062 /* Button.cpp in Sources */,
				43E5A497279476DF0037ACF2 /* Animator.cpp in Sources */,
				D9CE629A2A6D5AC400D9477F /* RendererManager.cpp in Sources */,
				D9975B522A76C7A800286822 /* SpriteAtlas.cpp in Sources */,
				D9A08D1E2A6FDC4E00DBA3E5 /* FontManager.cpp in Sources */,
				435743B727907946000B5062 /* Logger.cpp in Sources */,
				43E5A4A3279476DF0037ACF2 /* ShaderManager.cpp in Sources */,
				D91D8A4D2A69833900E5B2A8 /* Time.cpp in Sources */,
				4357433327904C15000B5062 /* Transform.cpp in Sources */,
				D9CE629F2A6D664200D9477F /* ViewFactory.cpp in Sources */,
				4357433927904C15000B5062 /* MemoryProfiler.cpp in Sources */,
				D9A08D192A6FD8CF00DBA3E5 /* Label.cpp in Sources */,
				43E5A4A5279476DF0037ACF2 /* Renderer.cpp in Sources */,
				43E5A496279476DF0037ACF2 /* AnimationCurves.cpp in Sources */,
				4357433D27904C15000B5062 /* Object.cpp in Sources */,
				4357433227904C15000B5062 /* ImageView.cpp in Sources */,
				4357434327904C15000B5062 /* Message.cpp in Sources */,
			);
			runOnlyForDeploymentPostprocessing = 0;
		};
/* End PBXSourcesBuildPhase section */

/* Begin XCBuildConfiguration section */
		435742EC27904B61000B5062 /* Debug */ = {
			isa = XCBuildConfiguration;
			buildSettings = {
				ALWAYS_SEARCH_USER_PATHS = NO;
				CLANG_ANALYZER_NONNULL = YES;
				CLANG_ANALYZER_NUMBER_OBJECT_CONVERSION = YES_AGGRESSIVE;
				CLANG_CXX_LANGUAGE_STANDARD = "gnu++17";
				CLANG_CXX_LIBRARY = "libc++";
				CLANG_ENABLE_MODULES = YES;
				CLANG_ENABLE_OBJC_ARC = YES;
				CLANG_ENABLE_OBJC_WEAK = YES;
				CLANG_WARN_BLOCK_CAPTURE_AUTORELEASING = YES;
				CLANG_WARN_BOOL_CONVERSION = YES;
				CLANG_WARN_COMMA = YES;
				CLANG_WARN_CONSTANT_CONVERSION = YES;
				CLANG_WARN_DEPRECATED_OBJC_IMPLEMENTATIONS = YES;
				CLANG_WARN_DIRECT_OBJC_ISA_USAGE = YES_ERROR;
				CLANG_WARN_DOCUMENTATION_COMMENTS = YES;
				CLANG_WARN_EMPTY_BODY = YES;
				CLANG_WARN_ENUM_CONVERSION = YES;
				CLANG_WARN_INFINITE_RECURSION = YES;
				CLANG_WARN_INT_CONVERSION = YES;
				CLANG_WARN_NON_LITERAL_NULL_CONVERSION = YES;
				CLANG_WARN_OBJC_IMPLICIT_RETAIN_SELF = YES;
				CLANG_WARN_OBJC_LITERAL_CONVERSION = YES;
				CLANG_WARN_OBJC_ROOT_CLASS = YES_ERROR;
				CLANG_WARN_QUOTED_INCLUDE_IN_FRAMEWORK_HEADER = YES;
				CLANG_WARN_RANGE_LOOP_ANALYSIS = YES;
				CLANG_WARN_STRICT_PROTOTYPES = YES;
				CLANG_WARN_SUSPICIOUS_MOVE = YES;
				CLANG_WARN_UNGUARDED_AVAILABILITY = YES_AGGRESSIVE;
				CLANG_WARN_UNREACHABLE_CODE = YES;
				CLANG_WARN__DUPLICATE_METHOD_MATCH = YES;
				COPY_PHASE_STRIP = NO;
				DEBUG_INFORMATION_FORMAT = dwarf;
				ENABLE_STRICT_OBJC_MSGSEND = YES;
				ENABLE_TESTABILITY = YES;
				GCC_C_LANGUAGE_STANDARD = gnu11;
				GCC_DYNAMIC_NO_PIC = NO;
				GCC_NO_COMMON_BLOCKS = YES;
				GCC_OPTIMIZATION_LEVEL = 0;
				GCC_PREPROCESSOR_DEFINITIONS = (
					"DEBUG=1",
					"$(inherited)",
				);
				GCC_WARN_64_TO_32_BIT_CONVERSION = YES;
				GCC_WARN_ABOUT_RETURN_TYPE = YES_ERROR;
				GCC_WARN_UNDECLARED_SELECTOR = YES;
				GCC_WARN_UNINITIALIZED_AUTOS = YES_AGGRESSIVE;
				GCC_WARN_UNUSED_FUNCTION = YES;
				GCC_WARN_UNUSED_VARIABLE = YES;
				MACOSX_DEPLOYMENT_TARGET = 12.0;
				MTL_ENABLE_DEBUG_INFO = INCLUDE_SOURCE;
				MTL_FAST_MATH = YES;
				ONLY_ACTIVE_ARCH = YES;
				SDKROOT = macosx;
			};
			name = Debug;
		};
		435742ED27904B61000B5062 /* Release */ = {
			isa = XCBuildConfiguration;
			buildSettings = {
				ALWAYS_SEARCH_USER_PATHS = NO;
				CLANG_ANALYZER_NONNULL = YES;
				CLANG_ANALYZER_NUMBER_OBJECT_CONVERSION = YES_AGGRESSIVE;
				CLANG_CXX_LANGUAGE_STANDARD = "gnu++17";
				CLANG_CXX_LIBRARY = "libc++";
				CLANG_ENABLE_MODULES = YES;
				CLANG_ENABLE_OBJC_ARC = YES;
				CLANG_ENABLE_OBJC_WEAK = YES;
				CLANG_WARN_BLOCK_CAPTURE_AUTORELEASING = YES;
				CLANG_WARN_BOOL_CONVERSION = YES;
				CLANG_WARN_COMMA = YES;
				CLANG_WARN_CONSTANT_CONVERSION = YES;
				CLANG_WARN_DEPRECATED_OBJC_IMPLEMENTATIONS = YES;
				CLANG_WARN_DIRECT_OBJC_ISA_USAGE = YES_ERROR;
				CLANG_WARN_DOCUMENTATION_COMMENTS = YES;
				CLANG_WARN_EMPTY_BODY = YES;
				CLANG_WARN_ENUM_CONVERSION = YES;
				CLANG_WARN_INFINITE_RECURSION = YES;
				CLANG_WARN_INT_CONVERSION = YES;
				CLANG_WARN_NON_LITERAL_NULL_CONVERSION = YES;
				CLANG_WARN_OBJC_IMPLICIT_RETAIN_SELF = YES;
				CLANG_WARN_OBJC_LITERAL_CONVERSION = YES;
				CLANG_WARN_OBJC_ROOT_CLASS = YES_ERROR;
				CLANG_WARN_QUOTED_INCLUDE_IN_FRAMEWORK_HEADER = YES;
				CLANG_WARN_RANGE_LOOP_ANALYSIS = YES;
				CLANG_WARN_STRICT_PROTOTYPES = YES;
				CLANG_WARN_SUSPICIOUS_MOVE = YES;
				CLANG_WARN_UNGUARDED_AVAILABILITY = YES_AGGRESSIVE;
				CLANG_WARN_UNREACHABLE_CODE = YES;
				CLANG_WARN__DUPLICATE_METHOD_MATCH = YES;
				COPY_PHASE_STRIP = NO;
				DEBUG_INFORMATION_FORMAT = "dwarf-with-dsym";
				ENABLE_NS_ASSERTIONS = NO;
				ENABLE_STRICT_OBJC_MSGSEND = YES;
				GCC_C_LANGUAGE_STANDARD = gnu11;
				GCC_NO_COMMON_BLOCKS = YES;
				GCC_WARN_64_TO_32_BIT_CONVERSION = YES;
				GCC_WARN_ABOUT_RETURN_TYPE = YES_ERROR;
				GCC_WARN_UNDECLARED_SELECTOR = YES;
				GCC_WARN_UNINITIALIZED_AUTOS = YES_AGGRESSIVE;
				GCC_WARN_UNUSED_FUNCTION = YES;
				GCC_WARN_UNUSED_VARIABLE = YES;
				MACOSX_DEPLOYMENT_TARGET = 12.0;
				MTL_ENABLE_DEBUG_INFO = NO;
				MTL_FAST_MATH = YES;
				SDKROOT = macosx;
			};
			name = Release;
		};
		435742EF27904B61000B5062 /* Debug */ = {
			isa = XCBuildConfiguration;
			baseConfigurationReference = D929C6C02A61782D006F520E /* conan_config.xcconfig */;
			buildSettings = {
				CLANG_CXX_LANGUAGE_STANDARD = "gnu++20";
				CODE_SIGN_STYLE = Automatic;
				DEVELOPMENT_TEAM = 4P3G8H5TQ3;
				EXECUTABLE_PREFIX = lib;
				GCC_ENABLE_CPP_EXCEPTIONS = YES;
				GCC_ENABLE_CPP_RTTI = YES;
				LIBRARY_SEARCH_PATHS = (
					"$(inherited)",
					"$(PROJECT_DIR)/lib",
					"$(PROJECT_DIR)/freetype/lib",
				);
				OTHER_CPLUSPLUSFLAGS = (
					"$(inherited)",
					"$(OTHER_CPLUSPLUSFLAGS_nlohmann_json_nlohmann_json)",
				);
				OTHER_LDFLAGS = (
					"$(inherited)",
					"$(OTHER_LDFLAGS_nlohmann_json_nlohmann_json)",
					"-lfreetype",
				);
				PACKAGE_ROOT_glm = "";
				PRODUCT_NAME = "$(TARGET_NAME)";
				SKIP_INSTALL = YES;
				SYSTEM_HEADER_SEARCH_PATHS = (
					"$(inherited)",
					"$(SYSTEM_HEADER_SEARCH_PATHS_nlohmann_json_nlohmann_json)",
					"$(PROJECT_DIR)/freetype/include",
				);
			};
			name = Debug;
		};
		435742F027904B61000B5062 /* Release */ = {
			isa = XCBuildConfiguration;
			baseConfigurationReference = D929C6C02A61782D006F520E /* conan_config.xcconfig */;
			buildSettings = {
				CLANG_CXX_LANGUAGE_STANDARD = "gnu++20";
				CODE_SIGN_STYLE = Automatic;
				DEVELOPMENT_TEAM = 4P3G8H5TQ3;
				EXECUTABLE_PREFIX = lib;
				GCC_ENABLE_CPP_EXCEPTIONS = YES;
				GCC_ENABLE_CPP_RTTI = YES;
				LIBRARY_SEARCH_PATHS = (
					"$(inherited)",
					"$(PROJECT_DIR)/lib",
					"$(PROJECT_DIR)/freetype/lib",
				);
				OTHER_CPLUSPLUSFLAGS = (
					"$(inherited)",
					"$(OTHER_CPLUSPLUSFLAGS_nlohmann_json_nlohmann_json)",
				);
				OTHER_LDFLAGS = (
					"$(inherited)",
					"$(OTHER_LDFLAGS_nlohmann_json_nlohmann_json)",
					"-lfreetype",
				);
				PRODUCT_NAME = "$(TARGET_NAME)";
				SKIP_INSTALL = YES;
				SYSTEM_HEADER_SEARCH_PATHS = (
					"$(inherited)",
					"$(SYSTEM_HEADER_SEARCH_PATHS_nlohmann_json_nlohmann_json)",
					"$(PROJECT_DIR)/freetype/include",
				);
			};
			name = Release;
		};
/* End XCBuildConfiguration section */

/* Begin XCConfigurationList section */
		435742DE27904B61000B5062 /* Build configuration list for PBXProject "grumble" */ = {
			isa = XCConfigurationList;
			buildConfigurations = (
				435742EC27904B61000B5062 /* Debug */,
				435742ED27904B61000B5062 /* Release */,
			);
			defaultConfigurationIsVisible = 0;
			defaultConfigurationName = Release;
		};
		435742EE27904B61000B5062 /* Build configuration list for PBXNativeTarget "grumble" */ = {
			isa = XCConfigurationList;
			buildConfigurations = (
				435742EF27904B61000B5062 /* Debug */,
				435742F027904B61000B5062 /* Release */,
			);
			defaultConfigurationIsVisible = 0;
			defaultConfigurationName = Release;
		};
/* End XCConfigurationList section */
	};
	rootObject = 435742DB27904B61000B5062 /* Project object */;
}
