// !$*UTF8*$!
{
	archiveVersion = 1;
	classes = {
	};
	objectVersion = 55;
	objects = {

/* Begin PBXBuildFile section */
		4357432F27904C15000B5062 /* Button.cpp in Sources */ = {isa = PBXBuildFile; fileRef = 435742FE27904C15000B5062 /* Button.cpp */; };
		4357433027904C15000B5062 /* Transform.hpp in Headers */ = {isa = PBXBuildFile; fileRef = 435742FF27904C15000B5062 /* Transform.hpp */; };
		4357433127904C15000B5062 /* View.cpp in Sources */ = {isa = PBXBuildFile; fileRef = 4357430027904C15000B5062 /* View.cpp */; };
		4357433227904C15000B5062 /* ImageView.cpp in Sources */ = {isa = PBXBuildFile; fileRef = 4357430127904C15000B5062 /* ImageView.cpp */; };
		4357433327904C15000B5062 /* Transform.cpp in Sources */ = {isa = PBXBuildFile; fileRef = 4357430227904C15000B5062 /* Transform.cpp */; };
		4357433427904C15000B5062 /* View.hpp in Headers */ = {isa = PBXBuildFile; fileRef = 4357430327904C15000B5062 /* View.hpp */; };
		4357433527904C15000B5062 /* ImageView.hpp in Headers */ = {isa = PBXBuildFile; fileRef = 4357430427904C15000B5062 /* ImageView.hpp */; };
		4357433627904C15000B5062 /* Button.hpp in Headers */ = {isa = PBXBuildFile; fileRef = 4357430527904C15000B5062 /* Button.hpp */; };
		4357433727904C15000B5062 /* MemoryProfiler.hpp in Headers */ = {isa = PBXBuildFile; fileRef = 4357430727904C15000B5062 /* MemoryProfiler.hpp */; };
		4357433827904C15000B5062 /* Logger.h in Headers */ = {isa = PBXBuildFile; fileRef = 4357430827904C15000B5062 /* Logger.h */; };
		4357433927904C15000B5062 /* MemoryProfiler.cpp in Sources */ = {isa = PBXBuildFile; fileRef = 4357430927904C15000B5062 /* MemoryProfiler.cpp */; };
		4357433A27904C15000B5062 /* Logger.mm in Sources */ = {isa = PBXBuildFile; fileRef = 4357430A27904C15000B5062 /* Logger.mm */; };
		4357433B27904C15000B5062 /* MathConstants.h in Headers */ = {isa = PBXBuildFile; fileRef = 4357430C27904C15000B5062 /* MathConstants.h */; };
		4357433C27904C15000B5062 /* ColorConstants.h in Headers */ = {isa = PBXBuildFile; fileRef = 4357430D27904C15000B5062 /* ColorConstants.h */; };
		4357433D27904C15000B5062 /* Object.cpp in Sources */ = {isa = PBXBuildFile; fileRef = 4357430F27904C15000B5062 /* Object.cpp */; };
		4357433E27904C15000B5062 /* Object.hpp in Headers */ = {isa = PBXBuildFile; fileRef = 4357431027904C15000B5062 /* Object.hpp */; };
		4357433F27904C15000B5062 /* Renderer.hpp in Headers */ = {isa = PBXBuildFile; fileRef = 4357431227904C15000B5062 /* Renderer.hpp */; };
		4357434027904C15000B5062 /* Graphics.hpp in Headers */ = {isa = PBXBuildFile; fileRef = 4357431327904C15000B5062 /* Graphics.hpp */; };
		4357434127904C15000B5062 /* Graphics.cpp in Sources */ = {isa = PBXBuildFile; fileRef = 4357431427904C15000B5062 /* Graphics.cpp */; };
		4357434227904C15000B5062 /* Renderer.cpp in Sources */ = {isa = PBXBuildFile; fileRef = 4357431527904C15000B5062 /* Renderer.cpp */; };
		4357434327904C15000B5062 /* Message.cpp in Sources */ = {isa = PBXBuildFile; fileRef = 4357431727904C15000B5062 /* Message.cpp */; };
		4357434427904C15000B5062 /* MessageManager.cpp in Sources */ = {isa = PBXBuildFile; fileRef = 4357431827904C15000B5062 /* MessageManager.cpp */; };
		4357434527904C15000B5062 /* MessageManager.hpp in Headers */ = {isa = PBXBuildFile; fileRef = 4357431927904C15000B5062 /* MessageManager.hpp */; };
		4357434627904C15000B5062 /* Message.hpp in Headers */ = {isa = PBXBuildFile; fileRef = 4357431A27904C15000B5062 /* Message.hpp */; };
		4357434727904C15000B5062 /* Responder.hpp in Headers */ = {isa = PBXBuildFile; fileRef = 4357431C27904C15000B5062 /* Responder.hpp */; };
		4357434827904C15000B5062 /* Responder.cpp in Sources */ = {isa = PBXBuildFile; fileRef = 4357431D27904C15000B5062 /* Responder.cpp */; };
		4357434B27904C15000B5062 /* SpriteManager.hpp in Headers */ = {isa = PBXBuildFile; fileRef = 4357432227904C15000B5062 /* SpriteManager.hpp */; };
		4357434C27904C15000B5062 /* Sprite.h in Headers */ = {isa = PBXBuildFile; fileRef = 4357432327904C15000B5062 /* Sprite.h */; };
		4357434D27904C15000B5062 /* SpriteManager.cpp in Sources */ = {isa = PBXBuildFile; fileRef = 4357432427904C15000B5062 /* SpriteManager.cpp */; };
		4357434E27904C15000B5062 /* SpriteHandler.hpp in Headers */ = {isa = PBXBuildFile; fileRef = 4357432527904C15000B5062 /* SpriteHandler.hpp */; };
		4357434F27904C15000B5062 /* IUpdatable.h in Headers */ = {isa = PBXBuildFile; fileRef = 4357432727904C15000B5062 /* IUpdatable.h */; };
		4357435027904C15000B5062 /* ViewAnimator.hpp in Headers */ = {isa = PBXBuildFile; fileRef = 4357432927904C15000B5062 /* ViewAnimator.hpp */; };
		4357435127904C15000B5062 /* Animator.hpp in Headers */ = {isa = PBXBuildFile; fileRef = 4357432A27904C15000B5062 /* Animator.hpp */; };
		4357435227904C15000B5062 /* AnimationCurves.cpp in Sources */ = {isa = PBXBuildFile; fileRef = 4357432B27904C15000B5062 /* AnimationCurves.cpp */; };
		4357435327904C15000B5062 /* Animator.cpp in Sources */ = {isa = PBXBuildFile; fileRef = 4357432C27904C15000B5062 /* Animator.cpp */; };
		4357435427904C15000B5062 /* AnimationCurves.hpp in Headers */ = {isa = PBXBuildFile; fileRef = 4357432D27904C15000B5062 /* AnimationCurves.hpp */; };
		4357435527904C15000B5062 /* ViewAnimator.cpp in Sources */ = {isa = PBXBuildFile; fileRef = 4357432E27904C15000B5062 /* ViewAnimator.cpp */; };
		4357435927905434000B5062 /* Touch.hpp in Headers */ = {isa = PBXBuildFile; fileRef = 4357435827905434000B5062 /* Touch.hpp */; };
		4357435E279055FC000B5062 /* ScreenManager.cpp in Sources */ = {isa = PBXBuildFile; fileRef = 4357435C279055FC000B5062 /* ScreenManager.cpp */; };
		4357435F279055FC000B5062 /* ScreenManager.hpp in Headers */ = {isa = PBXBuildFile; fileRef = 4357435D279055FC000B5062 /* ScreenManager.hpp */; };
		4357436027905602000B5062 /* ScreenHandler.hpp in Headers */ = {isa = PBXBuildFile; fileRef = 4357435B279055B6000B5062 /* ScreenHandler.hpp */; };
		43574363279057FD000B5062 /* ShaderHandler.cpp in Sources */ = {isa = PBXBuildFile; fileRef = 43574361279057FD000B5062 /* ShaderHandler.cpp */; };
		43574364279057FD000B5062 /* ShaderHandler.hpp in Headers */ = {isa = PBXBuildFile; fileRef = 43574362279057FD000B5062 /* ShaderHandler.hpp */; };
		435743AD27907364000B5062 /* ShaderManager.cpp in Sources */ = {isa = PBXBuildFile; fileRef = 435743AC27907364000B5062 /* ShaderManager.cpp */; };
		435743AF2790737E000B5062 /* ShaderManager.hpp in Headers */ = {isa = PBXBuildFile; fileRef = 435743AE2790737E000B5062 /* ShaderManager.hpp */; };
		435743B227907622000B5062 /* libgrumble.a in CopyFiles */ = {isa = PBXBuildFile; fileRef = 435742E327904B61000B5062 /* libgrumble.a */; };
		435743B527907739000B5062 /* libgrumble.a in Frameworks */ = {isa = PBXBuildFile; fileRef = 435743B427907739000B5062 /* libgrumble.a */; };
/* End PBXBuildFile section */

/* Begin PBXCopyFilesBuildPhase section */
		435743B12790760C000B5062 /* CopyFiles */ = {
			isa = PBXCopyFilesBuildPhase;
			buildActionMask = 2147483647;
			dstPath = "${SRCROOT}/lib";
			dstSubfolderSpec = 0;
			files = (
				435743B227907622000B5062 /* libgrumble.a in CopyFiles */,
			);
			runOnlyForDeploymentPostprocessing = 0;
		};
/* End PBXCopyFilesBuildPhase section */

/* Begin PBXFileReference section */
		435742E327904B61000B5062 /* libgrumble.a */ = {isa = PBXFileReference; explicitFileType = archive.ar; includeInIndex = 0; path = libgrumble.a; sourceTree = BUILT_PRODUCTS_DIR; };
		435742FE27904C15000B5062 /* Button.cpp */ = {isa = PBXFileReference; fileEncoding = 4; lastKnownFileType = sourcecode.cpp.cpp; path = Button.cpp; sourceTree = "<group>"; };
		435742FF27904C15000B5062 /* Transform.hpp */ = {isa = PBXFileReference; fileEncoding = 4; lastKnownFileType = sourcecode.cpp.h; path = Transform.hpp; sourceTree = "<group>"; };
		4357430027904C15000B5062 /* View.cpp */ = {isa = PBXFileReference; fileEncoding = 4; lastKnownFileType = sourcecode.cpp.cpp; path = View.cpp; sourceTree = "<group>"; };
		4357430127904C15000B5062 /* ImageView.cpp */ = {isa = PBXFileReference; fileEncoding = 4; lastKnownFileType = sourcecode.cpp.cpp; path = ImageView.cpp; sourceTree = "<group>"; };
		4357430227904C15000B5062 /* Transform.cpp */ = {isa = PBXFileReference; fileEncoding = 4; lastKnownFileType = sourcecode.cpp.cpp; path = Transform.cpp; sourceTree = "<group>"; };
		4357430327904C15000B5062 /* View.hpp */ = {isa = PBXFileReference; fileEncoding = 4; lastKnownFileType = sourcecode.cpp.h; path = View.hpp; sourceTree = "<group>"; };
		4357430427904C15000B5062 /* ImageView.hpp */ = {isa = PBXFileReference; fileEncoding = 4; lastKnownFileType = sourcecode.cpp.h; path = ImageView.hpp; sourceTree = "<group>"; };
		4357430527904C15000B5062 /* Button.hpp */ = {isa = PBXFileReference; fileEncoding = 4; lastKnownFileType = sourcecode.cpp.h; path = Button.hpp; sourceTree = "<group>"; };
		4357430727904C15000B5062 /* MemoryProfiler.hpp */ = {isa = PBXFileReference; fileEncoding = 4; lastKnownFileType = sourcecode.cpp.h; path = MemoryProfiler.hpp; sourceTree = "<group>"; };
		4357430827904C15000B5062 /* Logger.h */ = {isa = PBXFileReference; fileEncoding = 4; lastKnownFileType = sourcecode.c.h; path = Logger.h; sourceTree = "<group>"; };
		4357430927904C15000B5062 /* MemoryProfiler.cpp */ = {isa = PBXFileReference; fileEncoding = 4; lastKnownFileType = sourcecode.cpp.cpp; path = MemoryProfiler.cpp; sourceTree = "<group>"; };
		4357430A27904C15000B5062 /* Logger.mm */ = {isa = PBXFileReference; fileEncoding = 4; lastKnownFileType = sourcecode.cpp.objcpp; path = Logger.mm; sourceTree = "<group>"; };
		4357430C27904C15000B5062 /* MathConstants.h */ = {isa = PBXFileReference; fileEncoding = 4; lastKnownFileType = sourcecode.c.h; path = MathConstants.h; sourceTree = "<group>"; };
		4357430D27904C15000B5062 /* ColorConstants.h */ = {isa = PBXFileReference; fileEncoding = 4; lastKnownFileType = sourcecode.c.h; path = ColorConstants.h; sourceTree = "<group>"; };
		4357430F27904C15000B5062 /* Object.cpp */ = {isa = PBXFileReference; fileEncoding = 4; lastKnownFileType = sourcecode.cpp.cpp; path = Object.cpp; sourceTree = "<group>"; };
		4357431027904C15000B5062 /* Object.hpp */ = {isa = PBXFileReference; fileEncoding = 4; lastKnownFileType = sourcecode.cpp.h; path = Object.hpp; sourceTree = "<group>"; };
		4357431227904C15000B5062 /* Renderer.hpp */ = {isa = PBXFileReference; fileEncoding = 4; lastKnownFileType = sourcecode.cpp.h; path = Renderer.hpp; sourceTree = "<group>"; };
		4357431327904C15000B5062 /* Graphics.hpp */ = {isa = PBXFileReference; fileEncoding = 4; lastKnownFileType = sourcecode.cpp.h; path = Graphics.hpp; sourceTree = "<group>"; };
		4357431427904C15000B5062 /* Graphics.cpp */ = {isa = PBXFileReference; fileEncoding = 4; lastKnownFileType = sourcecode.cpp.cpp; path = Graphics.cpp; sourceTree = "<group>"; };
		4357431527904C15000B5062 /* Renderer.cpp */ = {isa = PBXFileReference; fileEncoding = 4; lastKnownFileType = sourcecode.cpp.cpp; path = Renderer.cpp; sourceTree = "<group>"; };
		4357431727904C15000B5062 /* Message.cpp */ = {isa = PBXFileReference; fileEncoding = 4; lastKnownFileType = sourcecode.cpp.cpp; path = Message.cpp; sourceTree = "<group>"; };
		4357431827904C15000B5062 /* MessageManager.cpp */ = {isa = PBXFileReference; fileEncoding = 4; lastKnownFileType = sourcecode.cpp.cpp; path = MessageManager.cpp; sourceTree = "<group>"; };
		4357431927904C15000B5062 /* MessageManager.hpp */ = {isa = PBXFileReference; fileEncoding = 4; lastKnownFileType = sourcecode.cpp.h; path = MessageManager.hpp; sourceTree = "<group>"; };
		4357431A27904C15000B5062 /* Message.hpp */ = {isa = PBXFileReference; fileEncoding = 4; lastKnownFileType = sourcecode.cpp.h; path = Message.hpp; sourceTree = "<group>"; };
		4357431C27904C15000B5062 /* Responder.hpp */ = {isa = PBXFileReference; fileEncoding = 4; lastKnownFileType = sourcecode.cpp.h; path = Responder.hpp; sourceTree = "<group>"; };
		4357431D27904C15000B5062 /* Responder.cpp */ = {isa = PBXFileReference; fileEncoding = 4; lastKnownFileType = sourcecode.cpp.cpp; path = Responder.cpp; sourceTree = "<group>"; };
		4357432227904C15000B5062 /* SpriteManager.hpp */ = {isa = PBXFileReference; fileEncoding = 4; lastKnownFileType = sourcecode.cpp.h; path = SpriteManager.hpp; sourceTree = "<group>"; };
		4357432327904C15000B5062 /* Sprite.h */ = {isa = PBXFileReference; fileEncoding = 4; lastKnownFileType = sourcecode.c.h; path = Sprite.h; sourceTree = "<group>"; };
		4357432427904C15000B5062 /* SpriteManager.cpp */ = {isa = PBXFileReference; fileEncoding = 4; lastKnownFileType = sourcecode.cpp.cpp; path = SpriteManager.cpp; sourceTree = "<group>"; };
		4357432527904C15000B5062 /* SpriteHandler.hpp */ = {isa = PBXFileReference; fileEncoding = 4; lastKnownFileType = sourcecode.cpp.h; path = SpriteHandler.hpp; sourceTree = "<group>"; };
		4357432727904C15000B5062 /* IUpdatable.h */ = {isa = PBXFileReference; fileEncoding = 4; lastKnownFileType = sourcecode.c.h; path = IUpdatable.h; sourceTree = "<group>"; };
		4357432927904C15000B5062 /* ViewAnimator.hpp */ = {isa = PBXFileReference; fileEncoding = 4; lastKnownFileType = sourcecode.cpp.h; path = ViewAnimator.hpp; sourceTree = "<group>"; };
		4357432A27904C15000B5062 /* Animator.hpp */ = {isa = PBXFileReference; fileEncoding = 4; lastKnownFileType = sourcecode.cpp.h; path = Animator.hpp; sourceTree = "<group>"; };
		4357432B27904C15000B5062 /* AnimationCurves.cpp */ = {isa = PBXFileReference; fileEncoding = 4; lastKnownFileType = sourcecode.cpp.cpp; path = AnimationCurves.cpp; sourceTree = "<group>"; };
		4357432C27904C15000B5062 /* Animator.cpp */ = {isa = PBXFileReference; fileEncoding = 4; lastKnownFileType = sourcecode.cpp.cpp; path = Animator.cpp; sourceTree = "<group>"; };
		4357432D27904C15000B5062 /* AnimationCurves.hpp */ = {isa = PBXFileReference; fileEncoding = 4; lastKnownFileType = sourcecode.cpp.h; path = AnimationCurves.hpp; sourceTree = "<group>"; };
		4357432E27904C15000B5062 /* ViewAnimator.cpp */ = {isa = PBXFileReference; fileEncoding = 4; lastKnownFileType = sourcecode.cpp.cpp; path = ViewAnimator.cpp; sourceTree = "<group>"; };
		4357435627905273000B5062 /* conanfile.txt */ = {isa = PBXFileReference; lastKnownFileType = text; path = conanfile.txt; sourceTree = "<group>"; };
		435743572790532A000B5062 /* conanbuildinfo.xcconfig */ = {isa = PBXFileReference; fileEncoding = 4; lastKnownFileType = text.xcconfig; path = conanbuildinfo.xcconfig; sourceTree = "<group>"; };
		4357435827905434000B5062 /* Touch.hpp */ = {isa = PBXFileReference; lastKnownFileType = sourcecode.cpp.h; path = Touch.hpp; sourceTree = "<group>"; };
		4357435B279055B6000B5062 /* ScreenHandler.hpp */ = {isa = PBXFileReference; lastKnownFileType = sourcecode.cpp.h; path = ScreenHandler.hpp; sourceTree = "<group>"; };
		4357435C279055FC000B5062 /* ScreenManager.cpp */ = {isa = PBXFileReference; lastKnownFileType = sourcecode.cpp.cpp; path = ScreenManager.cpp; sourceTree = "<group>"; };
		4357435D279055FC000B5062 /* ScreenManager.hpp */ = {isa = PBXFileReference; lastKnownFileType = sourcecode.cpp.h; path = ScreenManager.hpp; sourceTree = "<group>"; };
		43574361279057FD000B5062 /* ShaderHandler.cpp */ = {isa = PBXFileReference; lastKnownFileType = sourcecode.cpp.cpp; path = ShaderHandler.cpp; sourceTree = "<group>"; };
		43574362279057FD000B5062 /* ShaderHandler.hpp */ = {isa = PBXFileReference; lastKnownFileType = sourcecode.cpp.h; path = ShaderHandler.hpp; sourceTree = "<group>"; };
		435743AC27907364000B5062 /* ShaderManager.cpp */ = {isa = PBXFileReference; fileEncoding = 4; lastKnownFileType = sourcecode.cpp.cpp; path = ShaderManager.cpp; sourceTree = "<group>"; };
		435743AE2790737E000B5062 /* ShaderManager.hpp */ = {isa = PBXFileReference; fileEncoding = 4; lastKnownFileType = sourcecode.cpp.h; path = ShaderManager.hpp; sourceTree = "<group>"; };
		435743B427907739000B5062 /* libgrumble.a */ = {isa = PBXFileReference; lastKnownFileType = archive.ar; path = libgrumble.a; sourceTree = "<group>"; };
/* End PBXFileReference section */

/* Begin PBXFrameworksBuildPhase section */
		435742E127904B61000B5062 /* Frameworks */ = {
			isa = PBXFrameworksBuildPhase;
			buildActionMask = 2147483647;
			files = (
				435743B527907739000B5062 /* libgrumble.a in Frameworks */,
			);
			runOnlyForDeploymentPostprocessing = 0;
		};
/* End PBXFrameworksBuildPhase section */

/* Begin PBXGroup section */
		435742DA27904B61000B5062 = {
			isa = PBXGroup;
			children = (
				435743B327907668000B5062 /* lib */,
				435743572790532A000B5062 /* conanbuildinfo.xcconfig */,
				4357435627905273000B5062 /* conanfile.txt */,
				435742E527904B61000B5062 /* grumble */,
				435742E427904B61000B5062 /* Products */,
			);
			sourceTree = "<group>";
		};
		435742E427904B61000B5062 /* Products */ = {
			isa = PBXGroup;
			children = (
				435742E327904B61000B5062 /* libgrumble.a */,
			);
			name = Products;
			sourceTree = "<group>";
		};
		435742E527904B61000B5062 /* grumble */ = {
			isa = PBXGroup;
			children = (
				4357432827904C15000B5062 /* animation */,
				4357430E27904C15000B5062 /* base */,
				4357430B27904C15000B5062 /* constants */,
				4357431B27904C15000B5062 /* input */,
				4357431627904C15000B5062 /* message */,
				4357431127904C15000B5062 /* rendering */,
				4357431E27904C15000B5062 /* shader */,
				4357432127904C15000B5062 /* texture */,
				435742FD27904C15000B5062 /* ui */,
				4357432627904C15000B5062 /* update */,
				4357430627904C15000B5062 /* util */,
			);
			path = grumble;
			sourceTree = "<group>";
		};
		435742FD27904C15000B5062 /* ui */ = {
			isa = PBXGroup;
			children = (
				4357430527904C15000B5062 /* Button.hpp */,
				435742FE27904C15000B5062 /* Button.cpp */,
				435742FF27904C15000B5062 /* Transform.hpp */,
				4357430227904C15000B5062 /* Transform.cpp */,
				4357430327904C15000B5062 /* View.hpp */,
				4357430027904C15000B5062 /* View.cpp */,
				4357430427904C15000B5062 /* ImageView.hpp */,
				4357430127904C15000B5062 /* ImageView.cpp */,
				4357435D279055FC000B5062 /* ScreenManager.hpp */,
				4357435C279055FC000B5062 /* ScreenManager.cpp */,
				4357435B279055B6000B5062 /* ScreenHandler.hpp */,
			);
			path = ui;
			sourceTree = "<group>";
		};
		4357430627904C15000B5062 /* util */ = {
			isa = PBXGroup;
			children = (
				4357430727904C15000B5062 /* MemoryProfiler.hpp */,
				4357430827904C15000B5062 /* Logger.h */,
				4357430927904C15000B5062 /* MemoryProfiler.cpp */,
				4357430A27904C15000B5062 /* Logger.mm */,
			);
			path = util;
			sourceTree = "<group>";
		};
		4357430B27904C15000B5062 /* constants */ = {
			isa = PBXGroup;
			children = (
				4357430C27904C15000B5062 /* MathConstants.h */,
				4357430D27904C15000B5062 /* ColorConstants.h */,
			);
			path = constants;
			sourceTree = "<group>";
		};
		4357430E27904C15000B5062 /* base */ = {
			isa = PBXGroup;
			children = (
				4357430F27904C15000B5062 /* Object.cpp */,
				4357431027904C15000B5062 /* Object.hpp */,
			);
			path = base;
			sourceTree = "<group>";
		};
		4357431127904C15000B5062 /* rendering */ = {
			isa = PBXGroup;
			children = (
				4357431227904C15000B5062 /* Renderer.hpp */,
				4357431527904C15000B5062 /* Renderer.cpp */,
				4357431327904C15000B5062 /* Graphics.hpp */,
				4357431427904C15000B5062 /* Graphics.cpp */,
			);
			path = rendering;
			sourceTree = "<group>";
		};
		4357431627904C15000B5062 /* message */ = {
			isa = PBXGroup;
			children = (
				4357431A27904C15000B5062 /* Message.hpp */,
				4357431727904C15000B5062 /* Message.cpp */,
				4357431927904C15000B5062 /* MessageManager.hpp */,
				4357431827904C15000B5062 /* MessageManager.cpp */,
			);
			path = message;
			sourceTree = "<group>";
		};
		4357431B27904C15000B5062 /* input */ = {
			isa = PBXGroup;
			children = (
				4357431C27904C15000B5062 /* Responder.hpp */,
				4357431D27904C15000B5062 /* Responder.cpp */,
				4357435827905434000B5062 /* Touch.hpp */,
			);
			path = input;
			sourceTree = "<group>";
		};
		4357431E27904C15000B5062 /* shader */ = {
			isa = PBXGroup;
			children = (
				435743AE2790737E000B5062 /* ShaderManager.hpp */,
				435743AC27907364000B5062 /* ShaderManager.cpp */,
				43574362279057FD000B5062 /* ShaderHandler.hpp */,
				43574361279057FD000B5062 /* ShaderHandler.cpp */,
			);
			path = shader;
			sourceTree = "<group>";
		};
		4357432127904C15000B5062 /* texture */ = {
			isa = PBXGroup;
			children = (
				4357432227904C15000B5062 /* SpriteManager.hpp */,
				4357432427904C15000B5062 /* SpriteManager.cpp */,
				4357432527904C15000B5062 /* SpriteHandler.hpp */,
				4357432327904C15000B5062 /* Sprite.h */,
			);
			path = texture;
			sourceTree = "<group>";
		};
		4357432627904C15000B5062 /* update */ = {
			isa = PBXGroup;
			children = (
				4357432727904C15000B5062 /* IUpdatable.h */,
			);
			path = update;
			sourceTree = "<group>";
		};
		4357432827904C15000B5062 /* animation */ = {
			isa = PBXGroup;
			children = (
				4357432927904C15000B5062 /* ViewAnimator.hpp */,
				4357432E27904C15000B5062 /* ViewAnimator.cpp */,
				4357432A27904C15000B5062 /* Animator.hpp */,
				4357432C27904C15000B5062 /* Animator.cpp */,
				4357432D27904C15000B5062 /* AnimationCurves.hpp */,
				4357432B27904C15000B5062 /* AnimationCurves.cpp */,
			);
			path = animation;
			sourceTree = "<group>";
		};
		435743B327907668000B5062 /* lib */ = {
			isa = PBXGroup;
			children = (
				435743B427907739000B5062 /* libgrumble.a */,
			);
			path = lib;
			sourceTree = "<group>";
		};
/* End PBXGroup section */

/* Begin PBXHeadersBuildPhase section */
		435742DF27904B61000B5062 /* Headers */ = {
			isa = PBXHeadersBuildPhase;
			buildActionMask = 2147483647;
			files = (
				4357434527904C15000B5062 /* MessageManager.hpp in Headers */,
				4357434727904C15000B5062 /* Responder.hpp in Headers */,
				4357435F279055FC000B5062 /* ScreenManager.hpp in Headers */,
				4357433E27904C15000B5062 /* Object.hpp in Headers */,
				4357433F27904C15000B5062 /* Renderer.hpp in Headers */,
				4357436027905602000B5062 /* ScreenHandler.hpp in Headers */,
				4357435927905434000B5062 /* Touch.hpp in Headers */,
				4357433827904C15000B5062 /* Logger.h in Headers */,
				4357433627904C15000B5062 /* Button.hpp in Headers */,
				4357435127904C15000B5062 /* Animator.hpp in Headers */,
				4357433C27904C15000B5062 /* ColorConstants.h in Headers */,
				43574364279057FD000B5062 /* ShaderHandler.hpp in Headers */,
				4357434F27904C15000B5062 /* IUpdatable.h in Headers */,
				435743AF2790737E000B5062 /* ShaderManager.hpp in Headers */,
				4357434C27904C15000B5062 /* Sprite.h in Headers */,
				4357433B27904C15000B5062 /* MathConstants.h in Headers */,
				4357434B27904C15000B5062 /* SpriteManager.hpp in Headers */,
				4357433027904C15000B5062 /* Transform.hpp in Headers */,
				4357434027904C15000B5062 /* Graphics.hpp in Headers */,
				4357433427904C15000B5062 /* View.hpp in Headers */,
				4357434E27904C15000B5062 /* SpriteHandler.hpp in Headers */,
				4357435427904C15000B5062 /* AnimationCurves.hpp in Headers */,
				4357435027904C15000B5062 /* ViewAnimator.hpp in Headers */,
				4357433727904C15000B5062 /* MemoryProfiler.hpp in Headers */,
				4357433527904C15000B5062 /* ImageView.hpp in Headers */,
				4357434627904C15000B5062 /* Message.hpp in Headers */,
			);
			runOnlyForDeploymentPostprocessing = 0;
		};
/* End PBXHeadersBuildPhase section */

/* Begin PBXNativeTarget section */
		435742E227904B61000B5062 /* grumble */ = {
			isa = PBXNativeTarget;
			buildConfigurationList = 435742EE27904B61000B5062 /* Build configuration list for PBXNativeTarget "grumble" */;
			buildPhases = (
				435742DF27904B61000B5062 /* Headers */,
				435742E027904B61000B5062 /* Sources */,
				435742E127904B61000B5062 /* Frameworks */,
				435743B12790760C000B5062 /* CopyFiles */,
			);
			buildRules = (
			);
			dependencies = (
			);
			name = grumble;
			productName = grumble;
			productReference = 435742E327904B61000B5062 /* libgrumble.a */;
			productType = "com.apple.product-type.library.static";
		};
/* End PBXNativeTarget section */

/* Begin PBXProject section */
		435742DB27904B61000B5062 /* Project object */ = {
			isa = PBXProject;
			attributes = {
				BuildIndependentTargetsInParallel = 1;
				LastUpgradeCheck = 1320;
				TargetAttributes = {
					435742E227904B61000B5062 = {
						CreatedOnToolsVersion = 13.2.1;
					};
				};
			};
			buildConfigurationList = 435742DE27904B61000B5062 /* Build configuration list for PBXProject "grumble" */;
			compatibilityVersion = "Xcode 13.0";
			developmentRegion = en;
			hasScannedForEncodings = 0;
			knownRegions = (
				en,
				Base,
			);
			mainGroup = 435742DA27904B61000B5062;
			productRefGroup = 435742E427904B61000B5062 /* Products */;
			projectDirPath = "";
			projectRoot = "";
			targets = (
				435742E227904B61000B5062 /* grumble */,
			);
		};
/* End PBXProject section */

/* Begin PBXSourcesBuildPhase section */
		435742E027904B61000B5062 /* Sources */ = {
			isa = PBXSourcesBuildPhase;
			buildActionMask = 2147483647;
			files = (
				4357434827904C15000B5062 /* Responder.cpp in Sources */,
				4357434227904C15000B5062 /* Renderer.cpp in Sources */,
				4357435227904C15000B5062 /* AnimationCurves.cpp in Sources */,
				4357433127904C15000B5062 /* View.cpp in Sources */,
				4357435E279055FC000B5062 /* ScreenManager.cpp in Sources */,
				4357434427904C15000B5062 /* MessageManager.cpp in Sources */,
				4357432F27904C15000B5062 /* Button.cpp in Sources */,
				43574363279057FD000B5062 /* ShaderHandler.cpp in Sources */,
				4357434D27904C15000B5062 /* SpriteManager.cpp in Sources */,
				4357435527904C15000B5062 /* ViewAnimator.cpp in Sources */,
				4357435327904C15000B5062 /* Animator.cpp in Sources */,
				4357433327904C15000B5062 /* Transform.cpp in Sources */,
				4357433927904C15000B5062 /* MemoryProfiler.cpp in Sources */,
				4357433D27904C15000B5062 /* Object.cpp in Sources */,
				4357433227904C15000B5062 /* ImageView.cpp in Sources */,
				4357434127904C15000B5062 /* Graphics.cpp in Sources */,
				4357433A27904C15000B5062 /* Logger.mm in Sources */,
				4357434327904C15000B5062 /* Message.cpp in Sources */,
				435743AD27907364000B5062 /* ShaderManager.cpp in Sources */,
			);
			runOnlyForDeploymentPostprocessing = 0;
		};
/* End PBXSourcesBuildPhase section */

/* Begin XCBuildConfiguration section */
		435742EC27904B61000B5062 /* Debug */ = {
			isa = XCBuildConfiguration;
			buildSettings = {
				ALWAYS_SEARCH_USER_PATHS = NO;
				CLANG_ANALYZER_NONNULL = YES;
				CLANG_ANALYZER_NUMBER_OBJECT_CONVERSION = YES_AGGRESSIVE;
				CLANG_CXX_LANGUAGE_STANDARD = "gnu++17";
				CLANG_CXX_LIBRARY = "libc++";
				CLANG_ENABLE_MODULES = YES;
				CLANG_ENABLE_OBJC_ARC = YES;
				CLANG_ENABLE_OBJC_WEAK = YES;
				CLANG_WARN_BLOCK_CAPTURE_AUTORELEASING = YES;
				CLANG_WARN_BOOL_CONVERSION = YES;
				CLANG_WARN_COMMA = YES;
				CLANG_WARN_CONSTANT_CONVERSION = YES;
				CLANG_WARN_DEPRECATED_OBJC_IMPLEMENTATIONS = YES;
				CLANG_WARN_DIRECT_OBJC_ISA_USAGE = YES_ERROR;
				CLANG_WARN_DOCUMENTATION_COMMENTS = YES;
				CLANG_WARN_EMPTY_BODY = YES;
				CLANG_WARN_ENUM_CONVERSION = YES;
				CLANG_WARN_INFINITE_RECURSION = YES;
				CLANG_WARN_INT_CONVERSION = YES;
				CLANG_WARN_NON_LITERAL_NULL_CONVERSION = YES;
				CLANG_WARN_OBJC_IMPLICIT_RETAIN_SELF = YES;
				CLANG_WARN_OBJC_LITERAL_CONVERSION = YES;
				CLANG_WARN_OBJC_ROOT_CLASS = YES_ERROR;
				CLANG_WARN_QUOTED_INCLUDE_IN_FRAMEWORK_HEADER = YES;
				CLANG_WARN_RANGE_LOOP_ANALYSIS = YES;
				CLANG_WARN_STRICT_PROTOTYPES = YES;
				CLANG_WARN_SUSPICIOUS_MOVE = YES;
				CLANG_WARN_UNGUARDED_AVAILABILITY = YES_AGGRESSIVE;
				CLANG_WARN_UNREACHABLE_CODE = YES;
				CLANG_WARN__DUPLICATE_METHOD_MATCH = YES;
				COPY_PHASE_STRIP = NO;
				DEBUG_INFORMATION_FORMAT = dwarf;
				ENABLE_STRICT_OBJC_MSGSEND = YES;
				ENABLE_TESTABILITY = YES;
				GCC_C_LANGUAGE_STANDARD = gnu11;
				GCC_DYNAMIC_NO_PIC = NO;
				GCC_NO_COMMON_BLOCKS = YES;
				GCC_OPTIMIZATION_LEVEL = 0;
				GCC_PREPROCESSOR_DEFINITIONS = (
					"DEBUG=1",
					"$(inherited)",
				);
				GCC_WARN_64_TO_32_BIT_CONVERSION = YES;
				GCC_WARN_ABOUT_RETURN_TYPE = YES_ERROR;
				GCC_WARN_UNDECLARED_SELECTOR = YES;
				GCC_WARN_UNINITIALIZED_AUTOS = YES_AGGRESSIVE;
				GCC_WARN_UNUSED_FUNCTION = YES;
				GCC_WARN_UNUSED_VARIABLE = YES;
				MACOSX_DEPLOYMENT_TARGET = 12.0;
				MTL_ENABLE_DEBUG_INFO = INCLUDE_SOURCE;
				MTL_FAST_MATH = YES;
				ONLY_ACTIVE_ARCH = YES;
				SDKROOT = macosx;
			};
			name = Debug;
		};
		435742ED27904B61000B5062 /* Release */ = {
			isa = XCBuildConfiguration;
			buildSettings = {
				ALWAYS_SEARCH_USER_PATHS = NO;
				CLANG_ANALYZER_NONNULL = YES;
				CLANG_ANALYZER_NUMBER_OBJECT_CONVERSION = YES_AGGRESSIVE;
				CLANG_CXX_LANGUAGE_STANDARD = "gnu++17";
				CLANG_CXX_LIBRARY = "libc++";
				CLANG_ENABLE_MODULES = YES;
				CLANG_ENABLE_OBJC_ARC = YES;
				CLANG_ENABLE_OBJC_WEAK = YES;
				CLANG_WARN_BLOCK_CAPTURE_AUTORELEASING = YES;
				CLANG_WARN_BOOL_CONVERSION = YES;
				CLANG_WARN_COMMA = YES;
				CLANG_WARN_CONSTANT_CONVERSION = YES;
				CLANG_WARN_DEPRECATED_OBJC_IMPLEMENTATIONS = YES;
				CLANG_WARN_DIRECT_OBJC_ISA_USAGE = YES_ERROR;
				CLANG_WARN_DOCUMENTATION_COMMENTS = YES;
				CLANG_WARN_EMPTY_BODY = YES;
				CLANG_WARN_ENUM_CONVERSION = YES;
				CLANG_WARN_INFINITE_RECURSION = YES;
				CLANG_WARN_INT_CONVERSION = YES;
				CLANG_WARN_NON_LITERAL_NULL_CONVERSION = YES;
				CLANG_WARN_OBJC_IMPLICIT_RETAIN_SELF = YES;
				CLANG_WARN_OBJC_LITERAL_CONVERSION = YES;
				CLANG_WARN_OBJC_ROOT_CLASS = YES_ERROR;
				CLANG_WARN_QUOTED_INCLUDE_IN_FRAMEWORK_HEADER = YES;
				CLANG_WARN_RANGE_LOOP_ANALYSIS = YES;
				CLANG_WARN_STRICT_PROTOTYPES = YES;
				CLANG_WARN_SUSPICIOUS_MOVE = YES;
				CLANG_WARN_UNGUARDED_AVAILABILITY = YES_AGGRESSIVE;
				CLANG_WARN_UNREACHABLE_CODE = YES;
				CLANG_WARN__DUPLICATE_METHOD_MATCH = YES;
				COPY_PHASE_STRIP = NO;
				DEBUG_INFORMATION_FORMAT = "dwarf-with-dsym";
				ENABLE_NS_ASSERTIONS = NO;
				ENABLE_STRICT_OBJC_MSGSEND = YES;
				GCC_C_LANGUAGE_STANDARD = gnu11;
				GCC_NO_COMMON_BLOCKS = YES;
				GCC_WARN_64_TO_32_BIT_CONVERSION = YES;
				GCC_WARN_ABOUT_RETURN_TYPE = YES_ERROR;
				GCC_WARN_UNDECLARED_SELECTOR = YES;
				GCC_WARN_UNINITIALIZED_AUTOS = YES_AGGRESSIVE;
				GCC_WARN_UNUSED_FUNCTION = YES;
				GCC_WARN_UNUSED_VARIABLE = YES;
				MACOSX_DEPLOYMENT_TARGET = 12.0;
				MTL_ENABLE_DEBUG_INFO = NO;
				MTL_FAST_MATH = YES;
				SDKROOT = macosx;
			};
			name = Release;
		};
		435742EF27904B61000B5062 /* Debug */ = {
			isa = XCBuildConfiguration;
			baseConfigurationReference = 435743572790532A000B5062 /* conanbuildinfo.xcconfig */;
			buildSettings = {
				CODE_SIGN_STYLE = Automatic;
				DEVELOPMENT_TEAM = 4P3G8H5TQ3;
				EXECUTABLE_PREFIX = lib;
				GCC_ENABLE_CPP_EXCEPTIONS = YES;
				GCC_ENABLE_CPP_RTTI = YES;
				LIBRARY_SEARCH_PATHS = (
					"$(inherited)",
					"$(PROJECT_DIR)/lib",
				);
				PRODUCT_NAME = "$(TARGET_NAME)";
				SKIP_INSTALL = YES;
			};
			name = Debug;
		};
		435742F027904B61000B5062 /* Release */ = {
			isa = XCBuildConfiguration;
			baseConfigurationReference = 435743572790532A000B5062 /* conanbuildinfo.xcconfig */;
			buildSettings = {
				CODE_SIGN_STYLE = Automatic;
				DEVELOPMENT_TEAM = 4P3G8H5TQ3;
				EXECUTABLE_PREFIX = lib;
				GCC_ENABLE_CPP_EXCEPTIONS = YES;
				GCC_ENABLE_CPP_RTTI = YES;
				LIBRARY_SEARCH_PATHS = (
					"$(inherited)",
					"$(PROJECT_DIR)/lib",
				);
				PRODUCT_NAME = "$(TARGET_NAME)";
				SKIP_INSTALL = YES;
			};
			name = Release;
		};
/* End XCBuildConfiguration section */

/* Begin XCConfigurationList section */
		435742DE27904B61000B5062 /* Build configuration list for PBXProject "grumble" */ = {
			isa = XCConfigurationList;
			buildConfigurations = (
				435742EC27904B61000B5062 /* Debug */,
				435742ED27904B61000B5062 /* Release */,
			);
			defaultConfigurationIsVisible = 0;
			defaultConfigurationName = Release;
		};
		435742EE27904B61000B5062 /* Build configuration list for PBXNativeTarget "grumble" */ = {
			isa = XCConfigurationList;
			buildConfigurations = (
				435742EF27904B61000B5062 /* Debug */,
				435742F027904B61000B5062 /* Release */,
			);
			defaultConfigurationIsVisible = 0;
			defaultConfigurationName = Release;
		};
/* End XCConfigurationList section */
	};
	rootObject = 435742DB27904B61000B5062 /* Project object */;
}
